// !$*UTF8*$!
{
	archiveVersion = 1;
	classes = {
	};
	objectVersion = 46;
	objects = {

/* Begin PBXBuildFile section */
		5E20C5881BD8794F00EA185C /* main.m in Sources */ = {isa = PBXBuildFile; fileRef = 5E20C5871BD8794F00EA185C /* main.m */; };
		5E20C58B1BD8794F00EA185C /* AppDelegate.m in Sources */ = {isa = PBXBuildFile; fileRef = 5E20C58A1BD8794F00EA185C /* AppDelegate.m */; };
		5E20C58E1BD8794F00EA185C /* ViewController.m in Sources */ = {isa = PBXBuildFile; fileRef = 5E20C58D1BD8794F00EA185C /* ViewController.m */; };
		5E20C5911BD8794F00EA185C /* Main.storyboard in Resources */ = {isa = PBXBuildFile; fileRef = 5E20C58F1BD8794F00EA185C /* Main.storyboard */; };
		5E20C5931BD8794F00EA185C /* Assets.xcassets in Resources */ = {isa = PBXBuildFile; fileRef = 5E20C5921BD8794F00EA185C /* Assets.xcassets */; };
		5E20C5961BD8794F00EA185C /* LaunchScreen.storyboard in Resources */ = {isa = PBXBuildFile; fileRef = 5E20C5941BD8794F00EA185C /* LaunchScreen.storyboard */; };
		5E20C5A11BD8794F00EA185C /* Zari1022Tests.m in Sources */ = {isa = PBXBuildFile; fileRef = 5E20C5A01BD8794F00EA185C /* Zari1022Tests.m */; };
		5E20C5AC1BD8794F00EA185C /* Zari1022UITests.m in Sources */ = {isa = PBXBuildFile; fileRef = 5E20C5AB1BD8794F00EA185C /* Zari1022UITests.m */; };
/* End PBXBuildFile section */

/* Begin PBXContainerItemProxy section */
		5E20C59D1BD8794F00EA185C /* PBXContainerItemProxy */ = {
			isa = PBXContainerItemProxy;
			containerPortal = 5E20C57B1BD8794F00EA185C /* Project object */;
			proxyType = 1;
			remoteGlobalIDString = 5E20C5821BD8794F00EA185C;
			remoteInfo = Zari1022;
		};
		5E20C5A81BD8794F00EA185C /* PBXContainerItemProxy */ = {
			isa = PBXContainerItemProxy;
			containerPortal = 5E20C57B1BD8794F00EA185C /* Project object */;
			proxyType = 1;
			remoteGlobalIDString = 5E20C5821BD8794F00EA185C;
			remoteInfo = Zari1022;
		};
/* End PBXContainerItemProxy section */

/* Begin PBXFileReference section */
		5E20C5831BD8794F00EA185C /* Zari1022.app */ = {isa = PBXFileReference; explicitFileType = wrapper.application; includeInIndex = 0; path = Zari1022.app; sourceTree = BUILT_PRODUCTS_DIR; };
		5E20C5871BD8794F00EA185C /* main.m */ = {isa = PBXFileReference; lastKnownFileType = sourcecode.c.objc; path = main.m; sourceTree = "<group>"; };
		5E20C5891BD8794F00EA185C /* AppDelegate.h */ = {isa = PBXFileReference; lastKnownFileType = sourcecode.c.h; path = AppDelegate.h; sourceTree = "<group>"; };
		5E20C58A1BD8794F00EA185C /* AppDelegate.m */ = {isa = PBXFileReference; lastKnownFileType = sourcecode.c.objc; path = AppDelegate.m; sourceTree = "<group>"; };
		5E20C58C1BD8794F00EA185C /* ViewController.h */ = {isa = PBXFileReference; lastKnownFileType = sourcecode.c.h; path = ViewController.h; sourceTree = "<group>"; };
		5E20C58D1BD8794F00EA185C /* ViewController.m */ = {isa = PBXFileReference; lastKnownFileType = sourcecode.c.objc; path = ViewController.m; sourceTree = "<group>"; };
		5E20C5901BD8794F00EA185C /* Base */ = {isa = PBXFileReference; lastKnownFileType = file.storyboard; name = Base; path = Base.lproj/Main.storyboard; sourceTree = "<group>"; };
		5E20C5921BD8794F00EA185C /* Assets.xcassets */ = {isa = PBXFileReference; lastKnownFileType = folder.assetcatalog; path = Assets.xcassets; sourceTree = "<group>"; };
		5E20C5951BD8794F00EA185C /* Base */ = {isa = PBXFileReference; lastKnownFileType = file.storyboard; name = Base; path = Base.lproj/LaunchScreen.storyboard; sourceTree = "<group>"; };
		5E20C5971BD8794F00EA185C /* Info.plist */ = {isa = PBXFileReference; lastKnownFileType = text.plist.xml; path = Info.plist; sourceTree = "<group>"; };
		5E20C59C1BD8794F00EA185C /* Zari1022Tests.xctest */ = {isa = PBXFileReference; explicitFileType = wrapper.cfbundle; includeInIndex = 0; path = Zari1022Tests.xctest; sourceTree = BUILT_PRODUCTS_DIR; };
		5E20C5A01BD8794F00EA185C /* Zari1022Tests.m */ = {isa = PBXFileReference; lastKnownFileType = sourcecode.c.objc; path = Zari1022Tests.m; sourceTree = "<group>"; };
		5E20C5A21BD8794F00EA185C /* Info.plist */ = {isa = PBXFileReference; lastKnownFileType = text.plist.xml; path = Info.plist; sourceTree = "<group>"; };
		5E20C5A71BD8794F00EA185C /* Zari1022UITests.xctest */ = {isa = PBXFileReference; explicitFileType = wrapper.cfbundle; includeInIndex = 0; path = Zari1022UITests.xctest; sourceTree = BUILT_PRODUCTS_DIR; };
		5E20C5AB1BD8794F00EA185C /* Zari1022UITests.m */ = {isa = PBXFileReference; lastKnownFileType = sourcecode.c.objc; path = Zari1022UITests.m; sourceTree = "<group>"; };
		5E20C5AD1BD8794F00EA185C /* Info.plist */ = {isa = PBXFileReference; lastKnownFileType = text.plist.xml; path = Info.plist; sourceTree = "<group>"; };
/* End PBXFileReference section */

/* Begin PBXFrameworksBuildPhase section */
		5E20C5801BD8794F00EA185C /* Frameworks */ = {
			isa = PBXFrameworksBuildPhase;
			buildActionMask = 2147483647;
			files = (
			);
			runOnlyForDeploymentPostprocessing = 0;
		};
		5E20C5991BD8794F00EA185C /* Frameworks */ = {
			isa = PBXFrameworksBuildPhase;
			buildActionMask = 2147483647;
			files = (
			);
			runOnlyForDeploymentPostprocessing = 0;
		};
		5E20C5A41BD8794F00EA185C /* Frameworks */ = {
			isa = PBXFrameworksBuildPhase;
			buildActionMask = 2147483647;
			files = (
			);
			runOnlyForDeploymentPostprocessing = 0;
		};
/* End PBXFrameworksBuildPhase section */

/* Begin PBXGroup section */
		5E20C57A1BD8794F00EA185C = {
			isa = PBXGroup;
			children = (
				5E20C5851BD8794F00EA185C /* Zari1022 */,
				5E20C59F1BD8794F00EA185C /* Zari1022Tests */,
				5E20C5AA1BD8794F00EA185C /* Zari1022UITests */,
				5E20C5841BD8794F00EA185C /* Products */,
			);
			sourceTree = "<group>";
		};
		5E20C5841BD8794F00EA185C /* Products */ = {
			isa = PBXGroup;
			children = (
				5E20C5831BD8794F00EA185C /* Zari1022.app */,
				5E20C59C1BD8794F00EA185C /* Zari1022Tests.xctest */,
				5E20C5A71BD8794F00EA185C /* Zari1022UITests.xctest */,
			);
			name = Products;
			sourceTree = "<group>";
		};
		5E20C5851BD8794F00EA185C /* Zari1022 */ = {
			isa = PBXGroup;
			children = (
				5E20C5891BD8794F00EA185C /* AppDelegate.h */,
				5E20C58A1BD8794F00EA185C /* AppDelegate.m */,
				5E20C58C1BD8794F00EA185C /* ViewController.h */,
				5E20C58D1BD8794F00EA185C /* ViewController.m */,
				5E20C58F1BD8794F00EA185C /* Main.storyboard */,
				5E20C5921BD8794F00EA185C /* Assets.xcassets */,
				5E20C5941BD8794F00EA185C /* LaunchScreen.storyboard */,
				5E20C5971BD8794F00EA185C /* Info.plist */,
				5E20C5861BD8794F00EA185C /* Supporting Files */,
			);
			path = Zari1022;
			sourceTree = "<group>";
		};
		5E20C5861BD8794F00EA185C /* Supporting Files */ = {
			isa = PBXGroup;
			children = (
				5E20C5871BD8794F00EA185C /* main.m */,
			);
			name = "Supporting Files";
			sourceTree = "<group>";
		};
		5E20C59F1BD8794F00EA185C /* Zari1022Tests */ = {
			isa = PBXGroup;
			children = (
				5E20C5A01BD8794F00EA185C /* Zari1022Tests.m */,
				5E20C5A21BD8794F00EA185C /* Info.plist */,
			);
			path = Zari1022Tests;
			sourceTree = "<group>";
		};
		5E20C5AA1BD8794F00EA185C /* Zari1022UITests */ = {
			isa = PBXGroup;
			children = (
				5E20C5AB1BD8794F00EA185C /* Zari1022UITests.m */,
				5E20C5AD1BD8794F00EA185C /* Info.plist */,
			);
			path = Zari1022UITests;
			sourceTree = "<group>";
		};
/* End PBXGroup section */

/* Begin PBXNativeTarget section */
		5E20C5821BD8794F00EA185C /* Zari1022 */ = {
			isa = PBXNativeTarget;
			buildConfigurationList = 5E20C5B01BD8794F00EA185C /* Build configuration list for PBXNativeTarget "Zari1022" */;
			buildPhases = (
				5E20C57F1BD8794F00EA185C /* Sources */,
				5E20C5801BD8794F00EA185C /* Frameworks */,
				5E20C5811BD8794F00EA185C /* Resources */,
			);
			buildRules = (
			);
			dependencies = (
			);
			name = Zari1022;
			productName = Zari1022;
			productReference = 5E20C5831BD8794F00EA185C /* Zari1022.app */;
			productType = "com.apple.product-type.application";
		};
		5E20C59B1BD8794F00EA185C /* Zari1022Tests */ = {
			isa = PBXNativeTarget;
			buildConfigurationList = 5E20C5B31BD8794F00EA185C /* Build configuration list for PBXNativeTarget "Zari1022Tests" */;
			buildPhases = (
				5E20C5981BD8794F00EA185C /* Sources */,
				5E20C5991BD8794F00EA185C /* Frameworks */,
				5E20C59A1BD8794F00EA185C /* Resources */,
			);
			buildRules = (
			);
			dependencies = (
				5E20C59E1BD8794F00EA185C /* PBXTargetDependency */,
			);
			name = Zari1022Tests;
			productName = Zari1022Tests;
			productReference = 5E20C59C1BD8794F00EA185C /* Zari1022Tests.xctest */;
			productType = "com.apple.product-type.bundle.unit-test";
		};
		5E20C5A61BD8794F00EA185C /* Zari1022UITests */ = {
			isa = PBXNativeTarget;
			buildConfigurationList = 5E20C5B61BD8794F00EA185C /* Build configuration list for PBXNativeTarget "Zari1022UITests" */;
			buildPhases = (
				5E20C5A31BD8794F00EA185C /* Sources */,
				5E20C5A41BD8794F00EA185C /* Frameworks */,
				5E20C5A51BD8794F00EA185C /* Resources */,
			);
			buildRules = (
			);
			dependencies = (
				5E20C5A91BD8794F00EA185C /* PBXTargetDependency */,
			);
			name = Zari1022UITests;
			productName = Zari1022UITests;
			productReference = 5E20C5A71BD8794F00EA185C /* Zari1022UITests.xctest */;
			productType = "com.apple.product-type.bundle.ui-testing";
		};
/* End PBXNativeTarget section */

/* Begin PBXProject section */
		5E20C57B1BD8794F00EA185C /* Project object */ = {
			isa = PBXProject;
			attributes = {
				LastUpgradeCheck = 0710;
				ORGANIZATIONNAME = Zari;
				TargetAttributes = {
					5E20C5821BD8794F00EA185C = {
						CreatedOnToolsVersion = 7.1;
					};
					5E20C59B1BD8794F00EA185C = {
						CreatedOnToolsVersion = 7.1;
						TestTargetID = 5E20C5821BD8794F00EA185C;
					};
					5E20C5A61BD8794F00EA185C = {
						CreatedOnToolsVersion = 7.1;
						TestTargetID = 5E20C5821BD8794F00EA185C;
					};
				};
			};
			buildConfigurationList = 5E20C57E1BD8794F00EA185C /* Build configuration list for PBXProject "Zari1022" */;
			compatibilityVersion = "Xcode 3.2";
			developmentRegion = English;
			hasScannedForEncodings = 0;
			knownRegions = (
				en,
				Base,
			);
			mainGroup = 5E20C57A1BD8794F00EA185C;
			productRefGroup = 5E20C5841BD8794F00EA185C /* Products */;
			projectDirPath = "";
			projectRoot = "";
			targets = (
				5E20C5821BD8794F00EA185C /* Zari1022 */,
				5E20C59B1BD8794F00EA185C /* Zari1022Tests */,
				5E20C5A61BD8794F00EA185C /* Zari1022UITests */,
			);
		};
/* End PBXProject section */

/* Begin PBXResourcesBuildPhase section */
		5E20C5811BD8794F00EA185C /* Resources */ = {
			isa = PBXResourcesBuildPhase;
			buildActionMask = 2147483647;
			files = (
				5E20C5961BD8794F00EA185C /* LaunchScreen.storyboard in Resources */,
				5E20C5931BD8794F00EA185C /* Assets.xcassets in Resources */,
				5E20C5911BD8794F00EA185C /* Main.storyboard in Resources */,
			);
			runOnlyForDeploymentPostprocessing = 0;
		};
		5E20C59A1BD8794F00EA185C /* Resources */ = {
			isa = PBXResourcesBuildPhase;
			buildActionMask = 2147483647;
			files = (
			);
			runOnlyForDeploymentPostprocessing = 0;
		};
		5E20C5A51BD8794F00EA185C /* Resources */ = {
			isa = PBXResourcesBuildPhase;
			buildActionMask = 2147483647;
			files = (
			);
			runOnlyForDeploymentPostprocessing = 0;
		};
/* End PBXResourcesBuildPhase section */

/* Begin PBXSourcesBuildPhase section */
		5E20C57F1BD8794F00EA185C /* Sources */ = {
			isa = PBXSourcesBuildPhase;
			buildActionMask = 2147483647;
			files = (
				5E20C58E1BD8794F00EA185C /* ViewController.m in Sources */,
				5E20C58B1BD8794F00EA185C /* AppDelegate.m in Sources */,
				5E20C5881BD8794F00EA185C /* main.m in Sources */,
			);
			runOnlyForDeploymentPostprocessing = 0;
		};
		5E20C5981BD8794F00EA185C /* Sources */ = {
			isa = PBXSourcesBuildPhase;
			buildActionMask = 2147483647;
			files = (
				5E20C5A11BD8794F00EA185C /* Zari1022Tests.m in Sources */,
			);
			runOnlyForDeploymentPostprocessing = 0;
		};
		5E20C5A31BD8794F00EA185C /* Sources */ = {
			isa = PBXSourcesBuildPhase;
			buildActionMask = 2147483647;
			files = (
				5E20C5AC1BD8794F00EA185C /* Zari1022UITests.m in Sources */,
			);
			runOnlyForDeploymentPostprocessing = 0;
		};
/* End PBXSourcesBuildPhase section */

/* Begin PBXTargetDependency section */
		5E20C59E1BD8794F00EA185C /* PBXTargetDependency */ = {
			isa = PBXTargetDependency;
			target = 5E20C5821BD8794F00EA185C /* Zari1022 */;
			targetProxy = 5E20C59D1BD8794F00EA185C /* PBXContainerItemProxy */;
		};
		5E20C5A91BD8794F00EA185C /* PBXTargetDependency */ = {
			isa = PBXTargetDependency;
			target = 5E20C5821BD8794F00EA185C /* Zari1022 */;
			targetProxy = 5E20C5A81BD8794F00EA185C /* PBXContainerItemProxy */;
		};
/* End PBXTargetDependency section */

/* Begin PBXVariantGroup section */
		5E20C58F1BD8794F00EA185C /* Main.storyboard */ = {
			isa = PBXVariantGroup;
			children = (
				5E20C5901BD8794F00EA185C /* Base */,
			);
			name = Main.storyboard;
			sourceTree = "<group>";
		};
		5E20C5941BD8794F00EA185C /* LaunchScreen.storyboard */ = {
			isa = PBXVariantGroup;
			children = (
				5E20C5951BD8794F00EA185C /* Base */,
			);
			name = LaunchScreen.storyboard;
			sourceTree = "<group>";
		};
/* End PBXVariantGroup section */

/* Begin XCBuildConfiguration section */
		5E20C5AE1BD8794F00EA185C /* Debug */ = {
			isa = XCBuildConfiguration;
			buildSettings = {
				ALWAYS_SEARCH_USER_PATHS = NO;
				CLANG_CXX_LANGUAGE_STANDARD = "gnu++0x";
				CLANG_CXX_LIBRARY = "libc++";
				CLANG_ENABLE_MODULES = YES;
				CLANG_ENABLE_OBJC_ARC = YES;
				CLANG_WARN_BOOL_CONVERSION = YES;
				CLANG_WARN_CONSTANT_CONVERSION = YES;
				CLANG_WARN_DIRECT_OBJC_ISA_USAGE = YES_ERROR;
				CLANG_WARN_EMPTY_BODY = YES;
				CLANG_WARN_ENUM_CONVERSION = YES;
				CLANG_WARN_INT_CONVERSION = YES;
				CLANG_WARN_OBJC_ROOT_CLASS = YES_ERROR;
				CLANG_WARN_UNREACHABLE_CODE = YES;
				CLANG_WARN__DUPLICATE_METHOD_MATCH = YES;
				"CODE_SIGN_IDENTITY[sdk=iphoneos*]" = "iPhone Developer";
				COPY_PHASE_STRIP = NO;
				DEBUG_INFORMATION_FORMAT = dwarf;
				ENABLE_STRICT_OBJC_MSGSEND = YES;
				ENABLE_TESTABILITY = YES;
				GCC_C_LANGUAGE_STANDARD = gnu99;
				GCC_DYNAMIC_NO_PIC = NO;
				GCC_NO_COMMON_BLOCKS = YES;
				GCC_OPTIMIZATION_LEVEL = 0;
				GCC_PREPROCESSOR_DEFINITIONS = (
					"DEBUG=1",
					"$(inherited)",
				);
				GCC_WARN_64_TO_32_BIT_CONVERSION = YES;
				GCC_WARN_ABOUT_RETURN_TYPE = YES_ERROR;
				GCC_WARN_UNDECLARED_SELECTOR = YES;
				GCC_WARN_UNINITIALIZED_AUTOS = YES_AGGRESSIVE;
				GCC_WARN_UNUSED_FUNCTION = YES;
				GCC_WARN_UNUSED_VARIABLE = YES;
				IPHONEOS_DEPLOYMENT_TARGET = 9.1;
				MTL_ENABLE_DEBUG_INFO = YES;
				ONLY_ACTIVE_ARCH = YES;
				SDKROOT = iphoneos;
			};
			name = Debug;
		};
		5E20C5AF1BD8794F00EA185C /* Release */ = {
			isa = XCBuildConfiguration;
			buildSettings = {
				ALWAYS_SEARCH_USER_PATHS = NO;
				CLANG_CXX_LANGUAGE_STANDARD = "gnu++0x";
				CLANG_CXX_LIBRARY = "libc++";
				CLANG_ENABLE_MODULES = YES;
				CLANG_ENABLE_OBJC_ARC = YES;
				CLANG_WARN_BOOL_CONVERSION = YES;
				CLANG_WARN_CONSTANT_CONVERSION = YES;
				CLANG_WARN_DIRECT_OBJC_ISA_USAGE = YES_ERROR;
				CLANG_WARN_EMPTY_BODY = YES;
				CLANG_WARN_ENUM_CONVERSION = YES;
				CLANG_WARN_INT_CONVERSION = YES;
				CLANG_WARN_OBJC_ROOT_CLASS = YES_ERROR;
				CLANG_WARN_UNREACHABLE_CODE = YES;
				CLANG_WARN__DUPLICATE_METHOD_MATCH = YES;
				"CODE_SIGN_IDENTITY[sdk=iphoneos*]" = "iPhone Developer";
				COPY_PHASE_STRIP = NO;
				DEBUG_INFORMATION_FORMAT = "dwarf-with-dsym";
				ENABLE_NS_ASSERTIONS = NO;
				ENABLE_STRICT_OBJC_MSGSEND = YES;
				GCC_C_LANGUAGE_STANDARD = gnu99;
				GCC_NO_COMMON_BLOCKS = YES;
				GCC_WARN_64_TO_32_BIT_CONVERSION = YES;
				GCC_WARN_ABOUT_RETURN_TYPE = YES_ERROR;
				GCC_WARN_UNDECLARED_SELECTOR = YES;
				GCC_WARN_UNINITIALIZED_AUTOS = YES_AGGRESSIVE;
				GCC_WARN_UNUSED_FUNCTION = YES;
				GCC_WARN_UNUSED_VARIABLE = YES;
				IPHONEOS_DEPLOYMENT_TARGET = 9.1;
				MTL_ENABLE_DEBUG_INFO = NO;
				SDKROOT = iphoneos;
				VALIDATE_PRODUCT = YES;
			};
			name = Release;
		};
		5E20C5B11BD8794F00EA185C /* Debug */ = {
			isa = XCBuildConfiguration;
			buildSettings = {
				ASSETCATALOG_COMPILER_APPICON_NAME = AppIcon;
				INFOPLIST_FILE = Zari1022/Info.plist;
				LD_RUNPATH_SEARCH_PATHS = "$(inherited) @executable_path/Frameworks";
				PRODUCT_BUNDLE_IDENTIFIER = me.zari.Zari1022;
				PRODUCT_NAME = "$(TARGET_NAME)";
			};
			name = Debug;
		};
		5E20C5B21BD8794F00EA185C /* Release */ = {
			isa = XCBuildConfiguration;
			buildSettings = {
				ASSETCATALOG_COMPILER_APPICON_NAME = AppIcon;
				INFOPLIST_FILE = Zari1022/Info.plist;
				LD_RUNPATH_SEARCH_PATHS = "$(inherited) @executable_path/Frameworks";
				PRODUCT_BUNDLE_IDENTIFIER = me.zari.Zari1022;
				PRODUCT_NAME = "$(TARGET_NAME)";
			};
			name = Release;
		};
		5E20C5B41BD8794F00EA185C /* Debug */ = {
			isa = XCBuildConfiguration;
			buildSettings = {
				BUNDLE_LOADER = "$(TEST_HOST)";
				INFOPLIST_FILE = Zari1022Tests/Info.plist;
				LD_RUNPATH_SEARCH_PATHS = "$(inherited) @executable_path/Frameworks @loader_path/Frameworks";
				PRODUCT_BUNDLE_IDENTIFIER = me.zari.Zari1022Tests;
				PRODUCT_NAME = "$(TARGET_NAME)";
				TEST_HOST = "$(BUILT_PRODUCTS_DIR)/Zari1022.app/Zari1022";
			};
			name = Debug;
		};
		5E20C5B51BD8794F00EA185C /* Release */ = {
			isa = XCBuildConfiguration;
			buildSettings = {
				BUNDLE_LOADER = "$(TEST_HOST)";
				INFOPLIST_FILE = Zari1022Tests/Info.plist;
				LD_RUNPATH_SEARCH_PATHS = "$(inherited) @executable_path/Frameworks @loader_path/Frameworks";
				PRODUCT_BUNDLE_IDENTIFIER = me.zari.Zari1022Tests;
				PRODUCT_NAME = "$(TARGET_NAME)";
				TEST_HOST = "$(BUILT_PRODUCTS_DIR)/Zari1022.app/Zari1022";
			};
			name = Release;
		};
		5E20C5B71BD8794F00EA185C /* Debug */ = {
			isa = XCBuildConfiguration;
			buildSettings = {
				INFOPLIST_FILE = Zari1022UITests/Info.plist;
				LD_RUNPATH_SEARCH_PATHS = "$(inherited) @executable_path/Frameworks @loader_path/Frameworks";
				PRODUCT_BUNDLE_IDENTIFIER = me.zari.Zari1022UITests;
				PRODUCT_NAME = "$(TARGET_NAME)";
				TEST_TARGET_NAME = Zari1022;
				USES_XCTRUNNER = YES;
			};
			name = Debug;
		};
		5E20C5B81BD8794F00EA185C /* Release */ = {
			isa = XCBuildConfiguration;
			buildSettings = {
				INFOPLIST_FILE = Zari1022UITests/Info.plist;
				LD_RUNPATH_SEARCH_PATHS = "$(inherited) @executable_path/Frameworks @loader_path/Frameworks";
				PRODUCT_BUNDLE_IDENTIFIER = me.zari.Zari1022UITests;
				PRODUCT_NAME = "$(TARGET_NAME)";
				TEST_TARGET_NAME = Zari1022;
				USES_XCTRUNNER = YES;
			};
			name = Release;
		};
/* End XCBuildConfiguration section */

/* Begin XCConfigurationList section */
		5E20C57E1BD8794F00EA185C /* Build configuration list for PBXProject "Zari1022" */ = {
			isa = XCConfigurationList;
			buildConfigurations = (
				5E20C5AE1BD8794F00EA185C /* Debug */,
				5E20C5AF1BD8794F00EA185C /* Release */,
			);
			defaultConfigurationIsVisible = 0;
			defaultConfigurationName = Release;
		};
		5E20C5B01BD8794F00EA185C /* Build configuration list for PBXNativeTarget "Zari1022" */ = {
			isa = XCConfigurationList;
			buildConfigurations = (
				5E20C5B11BD8794F00EA185C /* Debug */,
				5E20C5B21BD8794F00EA185C /* Release */,
			);
			defaultConfigurationIsVisible = 0;
		};
		5E20C5B31BD8794F00EA185C /* Build configuration list for PBXNativeTarget "Zari1022Tests" */ = {
			isa = XCConfigurationList;
			buildConfigurations = (
				5E20C5B41BD8794F00EA185C /* Debug */,
				5E20C5B51BD8794F00EA185C /* Release */,
			);
			defaultConfigurationIsVisible = 0;
		};
		5E20C5B61BD8794F00EA185C /* Build configuration list for PBXNativeTarget "Zari1022UITests" */ = {
			isa = XCConfigurationList;
			buildConfigurations = (
				5E20C5B71BD8794F00EA185C /* Debug */,
				5E20C5B81BD8794F00EA185C /* Release */,
			);
			defaultConfigurationIsVisible = 0;
		};
/* End XCConfigurationList section */
	};
	rootObject = 5E20C57B1BD8794F00EA185C /* Project object */;
}
